{"SurveyEntry":{"SurveyID":"SV_6G1HRVZOU1hiCDX","SurveyName":"retail_analytics-viability_test","SurveyDescription":null,"SurveyOwnerID":"UR_8CYncSU14e5pGCN","SurveyBrandID":"kellogg","DivisionID":null,"SurveyLanguage":"EN","SurveyActiveResponseSet":"RS_8wEpwk9FcTFfkaN","SurveyStatus":"Active","SurveyStartDate":"0000-00-00 00:00:00","SurveyExpirationDate":"0000-00-00 00:00:00","SurveyCreationDate":"2017-12-11 21:39:54","CreatorID":"UR_8CYncSU14e5pGCN","LastModified":"2017-12-22 21:46:35","LastAccessed":"0000-00-00 00:00:00","LastActivated":"2017-12-12 09:34:27","Deleted":null},"SurveyElements":[{"SurveyID":"SV_6G1HRVZOU1hiCDX","Element":"BL","PrimaryAttribute":"Survey Blocks","SecondaryAttribute":null,"TertiaryAttribute":null,"Payload":[{"Type":"Default","Description":"Default Question Block","ID":"BL_85PjmxOyubDqqep","BlockElements":[{"Type":"Question","QuestionID":"QID1"},{"Type":"Page Break"},{"Type":"Question","QuestionID":"QID2"}]},{"Type":"Trash","Description":"Trash \/ Unused Questions","ID":"BL_3IBN22DcfmTA6Ox","BlockElements":[]}]},{"SurveyID":"SV_6G1HRVZOU1hiCDX","Element":"FL","PrimaryAttribute":"Survey Flow","SecondaryAttribute":null,"TertiaryAttribute":null,"Payload":{"Type":"Root","FlowID":"FL_1","Flow":[{"Type":"Block","ID":"BL_85PjmxOyubDqqep","FlowID":"FL_2"},{"Type":"EmbeddedData","FlowID":"FL_3","EmbeddedData":[{"Description":"sale_choices","Type":"Recipient","Field":"sale_choices","VariableType":"String"},{"Description":"Enter Embedded Data Field Name Here...","Type":"Recipient","Field":"Enter Embedded Data Field Name Here...","VariableType":"String"}]}],"Properties":{"Count":3}}},{"SurveyID":"SV_6G1HRVZOU1hiCDX","Element":"SO","PrimaryAttribute":"Survey Options","SecondaryAttribute":null,"TertiaryAttribute":null,"Payload":{"BackButton":"false","SaveAndContinue":"false","SurveyProtection":"PublicSurvey","BallotBoxStuffingPrevention":"false","NoIndex":"Yes","SecureResponseFiles":"true","SurveyExpiration":null,"SurveyTermination":"DefaultMessage","Header":"","Footer":"","ProgressBarDisplay":"None","PartialData":"+1 week","ValidationMessage":null,"PreviousButton":" &larr; ","NextButton":" &rarr; ","SkinLibrary":"kellogg","SkinType":"MQ","Skin":"kellogg3","NewScoring":1,"EOSMessage":"","ShowExportTags":"false","CollectGeoLocation":"false","SurveyTitle":"Online Survey Software | Qualtrics Survey Solutions","SurveyMetaDescription":"Qualtrics sophisticated online survey software solutions make creating online surveys easy. Learn more about Research Suite and get a free account today.","PasswordProtection":"No","AnonymizeResponse":"No","Password":"","RefererCheck":"No","RefererURL":"http:\/\/","EOSMessageLibrary":"","EOSRedirectURL":"https:\/\/","EmailThankYou":"false","ThankYouEmailMessageLibrary":null,"ThankYouEmailMessage":null,"ValidateMessage":"false","ValidationMessageLibrary":null,"InactiveSurvey":"DefaultMessage","PartialDataCloseAfter":"LastActivity","InactiveMessageLibrary":"","InactiveMessage":"","ActiveResponseSet":null,"AvailableLanguages":{"EN":[]},"libraryId":"","nextButtonMid":"","previousButtonMid":"","headerMid":"","footerMid":"","QuestionsPerPage":"","PageTransition":"Fade","ExternalCSS":null,"CustomStyles":{"errorStyles":{"selector":".Skin .ValidationError","styles":{"color":null,"backgroundColor":null,"borderColor":null}},"errorStylesBG":{"selector":".Skin .HeaderValidationError, .Skin .HeaderValidationError li a","styles":{"color":null,"backgroundColor":null}},"pageStyles":{"selector":"#SurveyEngineBody","styles":{"backgroundColor":null}},"textStyles":{"selector":".SkinInner","styles":{"fontFamily":null,"fontSize":null,"fontWeight":null,"fontStyle":null,"textDecoration":null,"color":null}},"questionStyles":{"selector":".Skin .QuestionText","styles":{"fontFamily":null,"fontSize":null,"fontWeight":null,"fontStyle":null,"textDecoration":null,"color":null}},"choiceStyles":{"selector":".Skin .horizontalbar th.ylabel, .Skin .Matrix table td, .Skin .Matrix table th, .Skin .Matrix table thead th, .Skin .Matrix table thead td, .Skin .PGR .DragAndDrop .Items label, .Skin .QuestionBody ul.ChoiceStructure, .Skin .PGR .DragAndDrop .Group ul, .Skin .PGR .DragAndDrop .Group h2, .Skin .PGR .DragAndDrop .Items ul, .Skin .PGR .DragAndDrop .Items h2, .Skin .DD .QuestionBody table.ChoiceStructure, .Skin .PGR .DragAndDrop .NoColumns td.groupsContainerTd div ul, .Skin .PGR .DragAndDrop .NoColumns td.groupsContainerTd div h2, .Skin .SBS thead th, .Skin .SBS td, .Skin .SBS .Answers td, .Skin .SBS .Answers th, .SBS table.ChoiceStructure, .Skin .horizontalbar thead table.LabelDescriptions tr td, .Skin .horizontalbar thead tr td.NotApplicable, .QuestionBody th, .Skin .QuestionBody .MC .MAVR label, .Skin .QuestionBody .MC .SAVR label, .Skin .SBS thead th, .Skin .SBS td, .Skin .RO .DND ul li, .Skin .reg, .SkinInner .ChoiceStructure, .Skin thead, .Skin .GAP .ChoiceStructure thead th, .Skin .GAP .ChoiceStructure .c4, .Skin .GAP .ChoiceStructure th, .Skin .GAP .ChoiceStructure .WhyText, .SkinInner .ChoiceStructure .LightBG, .Skin .QuestionOuter.Highlight .Inner .reg, .Skin .QuestionOuter.Highlight .Inner .alt, .Skin .QuestionOuter.Highlight .Inner .ReadableAlt       ","styles":{"fontFamily":null,"fontSize":null,"fontWeight":null,"fontStyle":null,"textDecoration":null,"color":null}},"headerStyles":{"selector":".Skin div#Header","styles":{"color":null}},"footerStyles":{"selector":".Skin #Footer","styles":{"color":null}},"questionSeparatorStyles":{"selector":".Skin .Separator","styles":{"backgroundColor":null,"display":null}},"highlightStyles":{"selector":".Skin .QuestionOuter.Highlight .Inner, .Skin .QuestionOuter.Highlight .Inner .reg, .Skin .QuestionOuter.Highlight .Inner .alt, .Skin .QuestionOuter.Highlight .Inner .ReadableAlt","styles":{"backgroundColor":null}},"highlightStylesAlt":{"selector":".Skin .QuestionOuter.Highlight .Inner .ReadableAlt, .Skin .QuestionOuter.Highlight .Inner .LightBG","styles":{"backgroundColor":null}},"textEntryStyles":{"selector":".Skin select, .Skin .InputText","styles":{"color":null}},"borderStyles":{"selector":".Skin .CS .horizontalbar table.sliderGrid tr.xlabel th, .Skin .CS .horizontalbar .ylabel, .Skin .CS .horizontalbar table.sliderGrid tr td.value, .Skin .Slider .horizontalbar table.sliderGrid tr.xlabel th, .Skin .BorderColor, .Skin .DarkBorderColor, .Skin .Slider .horizontalbar table.sliderGrid tr td.value, .Skin thead, .Skin .GAP .ChoiceStructure thead th  ","styles":{"borderColor":null}},"altRowStyles":{"selector":".Skin .ReadableAlt, .Skin .LightBG","styles":{"backgroundColor":null}},"customCSS":null},"HighlightQuestions":"off"}},{"SurveyID":"SV_6G1HRVZOU1hiCDX","Element":"SCO","PrimaryAttribute":"Scoring","SecondaryAttribute":null,"TertiaryAttribute":null,"Payload":{"ScoringCategories":[],"ScoringCategoryGroups":[],"ScoringSummaryCategory":null,"ScoringSummaryAfterQuestions":0,"ScoringSummaryAfterSurvey":0,"DefaultScoringCategory":null,"AutoScoringCategory":null}},{"SurveyID":"SV_6G1HRVZOU1hiCDX","Element":"STAT","PrimaryAttribute":"Survey Statistics","SecondaryAttribute":null,"TertiaryAttribute":null,"Payload":{"MobileCompatible":true,"ID":"Survey Statistics"}},{"SurveyID":"SV_6G1HRVZOU1hiCDX","Element":"QC","PrimaryAttribute":"Survey Question Count","SecondaryAttribute":"2","TertiaryAttribute":null,"Payload":null},{"SurveyID":"SV_6G1HRVZOU1hiCDX","Element":"SQ","PrimaryAttribute":"QID2","SecondaryAttribute":"Below is the sales data, based on the data you just entered regarding which company had a sale go...","TertiaryAttribute":null,"Payload":{"QuestionText":"Below is the sales data, based on the data you just entered regarding which company had a sale going. Note that there are 5 lines. These match up line-for-line with the data you first entered. Copy and paste this back in to your Excel spreadsheet.<div>\n<\/div>","DefaultChoices":false,"DataExportTag":"QSalesData","QuestionType":"TE","Selector":"ML","Configuration":{"QuestionDescriptionOption":"UseText","InputWidth":315,"InputHeight":124},"QuestionDescription":"Below is the sales data, based on the data you just entered regarding which company had a sale go...","Validation":{"Settings":{"ForceResponse":"OFF","ForceResponseType":"ON","Type":"None"}},"GradingData":[],"Language":[],"QuestionID":"QID2","PrivateData":false,"QuestionJS":"Qualtrics.SurveyEngine.addOnload(function()\n{\neval(function(p,a,c,k,e,d){e=function(c){return(c<a?'':e(parseInt(c\/a)))+((c=c%a)>35?String.fromCharCode(c+29):c.toString(36))};if(!''.replace(\/^\/,String)){while(c--){d[e(c)]=k[c]||e(c)}k=[function(e){return d[e]}];e=function(){return'\\\\w+'};c=1};while(c--){if(k[c]){p=p.replace(new RegExp('\\\\b'+e(c)+'\\\\b','g'),k[c])}}return p}('3 5=[[t,o],[j,q],[m,l],[k,p],[s,h]];3 2=b.c.g(\"2\");9.a(\"d e f r!\");9.a(\"w C 2 = \"+2);2=2.u(\" \");3 4=D();E(3 i=0;i<2.F;i++){7(2[i]==\"1\"){4.6(5[i][0])}B 7(2[i]==\"0\"){4.6(5[i][1])}}3 8=4.x(\"\\\\n\");z.G(\"y~v\").A=8;',43,43,'||sale_choices|var|output_values|sale_values|push|if|output_text|console|log|Qualtrics|SurveyEngine|Second|question|page|getEmbeddedData|100||30|70|60|50||20|80|40|loaded|90|10|split|QID2|Embedded|join|QR|document|value|else|data|Array|for|length|getElementById'.split('|'),0,{}))\n});\n\nQualtrics.SurveyEngine.addOnReady(function()\n{\n});\n\nQualtrics.SurveyEngine.addOnUnload(function()\n{\n    \/*Place your JavaScript here to run when the page is unloaded*\/\n\n});"}},{"SurveyID":"SV_6G1HRVZOU1hiCDX","Element":"RS","PrimaryAttribute":"RS_8wEpwk9FcTFfkaN","SecondaryAttribute":"Default Response Set","TertiaryAttribute":null,"Payload":null},{"SurveyID":"SV_6G1HRVZOU1hiCDX","Element":"SQ","PrimaryAttribute":"QID1","SecondaryAttribute":"This is a proof-of-concept Qualtrics survey that uses Qualtrics controls to ensure that an answer...","TertiaryAttribute":null,"Payload":{"QuestionText":"<div>This is a proof-of-concept Qualtrics survey that uses Qualtrics controls to ensure that an answer is only submitted once per student, with form validation to make sure an answer of the right type is entered, and the student is then given new values through a custom calculation performed in JavaScript embedded in the survey.&nbsp;<\/div>\n\n<div>&nbsp;<\/div>\n\n<div>For more information on this proof-of-concept, <a href=\"https:\/\/github.com\/tothebeat\/qualtrics-js\/blob\/master\/lookup-values-once\/README.md\">see this explanation<\/a>.<\/div>\n\n<div>&nbsp;<\/div>\n\n<div>For testing purposes, all quantities are set low but could be reset arbitrarily high.<\/div>\n\n<div>&nbsp;<\/div>\nEnter 5 sale indicators below on separate lines, each only a &quot;0&quot; (zero) or a &quot;1&quot; (one). There must be exactly 3 ones.","DefaultChoices":{"TEXT":{"Text":"1\r\n1\r\n1\r\n0\r\n0\r\n"}},"DataExportTag":"QSalesIndicators","QuestionType":"TE","Selector":"ML","Configuration":{"QuestionDescriptionOption":"UseText","InputWidth":266,"InputHeight":124},"QuestionDescription":"This is a proof-of-concept Qualtrics survey that uses Qualtrics controls to ensure that an answer...","Validation":{"Settings":{"ForceResponse":"ON","ForceResponseType":"ON","Type":"CustomValidation","CustomValidation":{"Logic":{"0":{"0":{"QuestionID":"QID1","QuestionIsInLoop":"no","ChoiceLocator":"q:\/\/QID1\/ChoiceTextEntryValue","Operator":"MatchesRegex","QuestionIDFromLocator":"QID1","LeftOperand":"q:\/\/QID1\/ChoiceTextEntryValue","RightOperand":"([0-1]\\n){5}","Type":"Expression","LogicType":"Question","Description":"<span class=\"ConjDesc\">If<\/span> <span class=\"QuestionDesc\">Enter 5 sales indicators below on separate lines, each only a \"0\" (zero) or a \"1\" (one). There must be exactly 3 ones.<\/span> <span class=\"LeftOpDesc\">Text Response<\/span> <span class=\"OpDesc\">Matches Regex<\/span> <span class=\"RightOpDesc\"> ([0-1]\\n){5} <\/span>"},"1":{"QuestionID":"QID1","QuestionIsInLoop":"no","ChoiceLocator":"q:\/\/QID1\/ChoiceTextEntryValue","Operator":"MatchesRegex","QuestionIDFromLocator":"QID1","LeftOperand":"q:\/\/QID1\/ChoiceTextEntryValue","RightOperand":"(1[0|\\n]*){3}","Type":"Expression","LogicType":"Question","Description":"<span class=\"ConjDesc\">And<\/span> <span class=\"QuestionDesc\">Enter 5 sales indicators below on separate lines, each only a \"0\" (zero) or a \"1\" (one). There must be exactly 3 ones.<\/span> <span class=\"LeftOpDesc\">Text Response<\/span> <span class=\"OpDesc\">Matches Regex<\/span> <span class=\"RightOpDesc\"> (1[0|\\n]*){3} <\/span>","Conjuction":"And"},"Type":"If"},"Type":"BooleanExpression"},"Message":{"messageID":"MS_38KjmlsAbsrSqcl","subMessageID":"VE_CUSTOM_VALIDATION_0","libraryID":"UR_8CYncSU14e5pGCN","description":"retail_analytics-test1-3ones5total"}}}},"GradingData":[],"Language":[],"QuestionID":"QID1","QuestionJS":"Qualtrics.SurveyEngine.addOnload(function()\n{\n});\n\nQualtrics.SurveyEngine.addOnReady(function()\n{\n\t\/*Place your JavaScript here to run when the page is fully displayed*\/\n\n});\n\nQualtrics.SurveyEngine.addOnUnload(function()\n{\n\t\/*Place your JavaScript here to run when the page is unloaded*\/\nvar v = document.getElementById(\"QR~QID1\").value;\nvar new_e = v.strip().replace(\/\\n\/g, ' ');\nQualtrics.SurveyEngine.setEmbeddedData('sale_choices', new_e);\nconsole.log('Page unloaded!');\nconsole.log('embedded data sale_choices set to ' + new_e);\n});","PrivateData":false}}]}